
Microsoft Visual Studio Solution File, Format Version 12.00
# Visual Studio 15
VisualStudioVersion = 15.0.28307.572
MinimumVisualStudioVersion = 10.0.40219.1
Project("{8BC9CEB8-8B4A-11D0-8D11-00A0C91BC942}") = "Hash Table", "Hash Table\Hash Table.vcxproj", "{3DFA7D03-A54E-493D-9800-664D5BA2CFF6}"
EndProject
Global
	GlobalSection(SolutionConfigurationPlatforms) = preSolution
		Debug|x64 = Debug|x64
		Debug|x86 = Debug|x86
		Release|x64 = Release|x64
		Release|x86 = Release|x86
	EndGlobalSection
	GlobalSection(ProjectConfigurationPlatforms) = postSolution
		{3DFA7D03-A54E-493D-9800-664D5BA2CFF6}.Debug|x64.ActiveCfg = Debug|x64
		{3DFA7D03-A54E-493D-9800-664D5BA2CFF6}.Debug|x64.Build.0 = Debug|x64
		{3DFA7D03-A54E-493D-9800-664D5BA2CFF6}.Debug|x86.ActiveCfg = Debug|Win32
		{3DFA7D03-A54E-493D-9800-664D5BA2CFF6}.Debug|x86.Build.0 = Debug|Win32
		{3DFA7D03-A54E-493D-9800-664D5BA2CFF6}.Release|x64.ActiveCfg = Release|x64
		{3DFA7D03-A54E-493D-9800-664D5BA2CFF6}.Release|x64.Build.0 = Release|x64
		{3DFA7D03-A54E-493D-9800-664D5BA2CFF6}.Release|x86.ActiveCfg = Release|Win32
		{3DFA7D03-A54E-493D-9800-664D5BA2CFF6}.Release|x86.Build.0 = Release|Win32
	EndGlobalSection
	GlobalSection(SolutionProperties) = preSolution
		HideSolutionNode = FALSE
	EndGlobalSection
	GlobalSection(ExtensibilityGlobals) = postSolution
		SolutionGuid = {2EA5DDDA-4FB4-4597-B664-A081F7016D7D}
	EndGlobalSection
EndGlobal
